# This file is @generated by PDM.
# It is not intended for manual editing.

[metadata]
groups = ["default", "dev"]
strategy = ["inherit_metadata"]
lock_version = "4.5.0"
content_hash = "sha256:ae1e75ed797a305fa7aaf79b6be397fb5921fd3e75ea64c227d4fc339fa8b973"

[[metadata.targets]]
requires_python = ">=3.12,<3.14"

[[package]]
name = "coverage"
version = "7.8.2"
requires_python = ">=3.9"
summary = "Code coverage measurement for Python"
groups = ["dev"]
files = [
    {file = "coverage-7.8.2-cp312-cp312-macosx_10_13_x86_64.whl", hash = "sha256:e2f6fe3654468d061942591aef56686131335b7a8325684eda85dacdf311356c"},
    {file = "coverage-7.8.2-cp312-cp312-macosx_11_0_arm64.whl", hash = "sha256:76090fab50610798cc05241bf83b603477c40ee87acd358b66196ab0ca44ffa1"},
    {file = "coverage-7.8.2-cp312-cp312-manylinux_2_17_aarch64.manylinux2014_aarch64.whl", hash = "sha256:2bd0a0a5054be160777a7920b731a0570284db5142abaaf81bcbb282b8d99279"},
    {file = "coverage-7.8.2-cp312-cp312-manylinux_2_5_i686.manylinux1_i686.manylinux_2_17_i686.manylinux2014_i686.whl", hash = "sha256:da23ce9a3d356d0affe9c7036030b5c8f14556bd970c9b224f9c8205505e3b99"},
    {file = "coverage-7.8.2-cp312-cp312-manylinux_2_5_x86_64.manylinux1_x86_64.manylinux_2_17_x86_64.manylinux2014_x86_64.whl", hash = "sha256:c9392773cffeb8d7e042a7b15b82a414011e9d2b5fdbbd3f7e6a6b17d5e21b20"},
    {file = "coverage-7.8.2-cp312-cp312-musllinux_1_2_aarch64.whl", hash = "sha256:876cbfd0b09ce09d81585d266c07a32657beb3eaec896f39484b631555be0fe2"},
    {file = "coverage-7.8.2-cp312-cp312-musllinux_1_2_i686.whl", hash = "sha256:3da9b771c98977a13fbc3830f6caa85cae6c9c83911d24cb2d218e9394259c57"},
    {file = "coverage-7.8.2-cp312-cp312-musllinux_1_2_x86_64.whl", hash = "sha256:9a990f6510b3292686713bfef26d0049cd63b9c7bb17e0864f133cbfd2e6167f"},
    {file = "coverage-7.8.2-cp312-cp312-win32.whl", hash = "sha256:bf8111cddd0f2b54d34e96613e7fbdd59a673f0cf5574b61134ae75b6f5a33b8"},
    {file = "coverage-7.8.2-cp312-cp312-win_amd64.whl", hash = "sha256:86a323a275e9e44cdf228af9b71c5030861d4d2610886ab920d9945672a81223"},
    {file = "coverage-7.8.2-cp312-cp312-win_arm64.whl", hash = "sha256:820157de3a589e992689ffcda8639fbabb313b323d26388d02e154164c57b07f"},
    {file = "coverage-7.8.2-cp313-cp313-macosx_10_13_x86_64.whl", hash = "sha256:ea561010914ec1c26ab4188aef8b1567272ef6de096312716f90e5baa79ef8ca"},
    {file = "coverage-7.8.2-cp313-cp313-macosx_11_0_arm64.whl", hash = "sha256:cb86337a4fcdd0e598ff2caeb513ac604d2f3da6d53df2c8e368e07ee38e277d"},
    {file = "coverage-7.8.2-cp313-cp313-manylinux_2_17_aarch64.manylinux2014_aarch64.whl", hash = "sha256:26a4636ddb666971345541b59899e969f3b301143dd86b0ddbb570bd591f1e85"},
    {file = "coverage-7.8.2-cp313-cp313-manylinux_2_5_i686.manylinux1_i686.manylinux_2_17_i686.manylinux2014_i686.whl", hash = "sha256:5040536cf9b13fb033f76bcb5e1e5cb3b57c4807fef37db9e0ed129c6a094257"},
    {file = "coverage-7.8.2-cp313-cp313-manylinux_2_5_x86_64.manylinux1_x86_64.manylinux_2_17_x86_64.manylinux2014_x86_64.whl", hash = "sha256:dc67994df9bcd7e0150a47ef41278b9e0a0ea187caba72414b71dc590b99a108"},
    {file = "coverage-7.8.2-cp313-cp313-musllinux_1_2_aarch64.whl", hash = "sha256:6e6c86888fd076d9e0fe848af0a2142bf606044dc5ceee0aa9eddb56e26895a0"},
    {file = "coverage-7.8.2-cp313-cp313-musllinux_1_2_i686.whl", hash = "sha256:684ca9f58119b8e26bef860db33524ae0365601492e86ba0b71d513f525e7050"},
    {file = "coverage-7.8.2-cp313-cp313-musllinux_1_2_x86_64.whl", hash = "sha256:8165584ddedb49204c4e18da083913bdf6a982bfb558632a79bdaadcdafd0d48"},
    {file = "coverage-7.8.2-cp313-cp313-win32.whl", hash = "sha256:34759ee2c65362163699cc917bdb2a54114dd06d19bab860725f94ef45a3d9b7"},
    {file = "coverage-7.8.2-cp313-cp313-win_amd64.whl", hash = "sha256:2f9bc608fbafaee40eb60a9a53dbfb90f53cc66d3d32c2849dc27cf5638a21e3"},
    {file = "coverage-7.8.2-cp313-cp313-win_arm64.whl", hash = "sha256:9fe449ee461a3b0c7105690419d0b0aba1232f4ff6d120a9e241e58a556733f7"},
    {file = "coverage-7.8.2-cp313-cp313t-macosx_10_13_x86_64.whl", hash = "sha256:8369a7c8ef66bded2b6484053749ff220dbf83cba84f3398c84c51a6f748a008"},
    {file = "coverage-7.8.2-cp313-cp313t-macosx_11_0_arm64.whl", hash = "sha256:159b81df53a5fcbc7d45dae3adad554fdbde9829a994e15227b3f9d816d00b36"},
    {file = "coverage-7.8.2-cp313-cp313t-manylinux_2_17_aarch64.manylinux2014_aarch64.whl", hash = "sha256:e6fcbbd35a96192d042c691c9e0c49ef54bd7ed865846a3c9d624c30bb67ce46"},
    {file = "coverage-7.8.2-cp313-cp313t-manylinux_2_5_i686.manylinux1_i686.manylinux_2_17_i686.manylinux2014_i686.whl", hash = "sha256:05364b9cc82f138cc86128dc4e2e1251c2981a2218bfcd556fe6b0fbaa3501be"},
    {file = "coverage-7.8.2-cp313-cp313t-manylinux_2_5_x86_64.manylinux1_x86_64.manylinux_2_17_x86_64.manylinux2014_x86_64.whl", hash = "sha256:46d532db4e5ff3979ce47d18e2fe8ecad283eeb7367726da0e5ef88e4fe64740"},
    {file = "coverage-7.8.2-cp313-cp313t-musllinux_1_2_aarch64.whl", hash = "sha256:4000a31c34932e7e4fa0381a3d6deb43dc0c8f458e3e7ea6502e6238e10be625"},
    {file = "coverage-7.8.2-cp313-cp313t-musllinux_1_2_i686.whl", hash = "sha256:43ff5033d657cd51f83015c3b7a443287250dc14e69910577c3e03bd2e06f27b"},
    {file = "coverage-7.8.2-cp313-cp313t-musllinux_1_2_x86_64.whl", hash = "sha256:94316e13f0981cbbba132c1f9f365cac1d26716aaac130866ca812006f662199"},
    {file = "coverage-7.8.2-cp313-cp313t-win32.whl", hash = "sha256:3f5673888d3676d0a745c3d0e16da338c5eea300cb1f4ada9c872981265e76d8"},
    {file = "coverage-7.8.2-cp313-cp313t-win_amd64.whl", hash = "sha256:2c08b05ee8d7861e45dc5a2cc4195c8c66dca5ac613144eb6ebeaff2d502e73d"},
    {file = "coverage-7.8.2-cp313-cp313t-win_arm64.whl", hash = "sha256:1e1448bb72b387755e1ff3ef1268a06617afd94188164960dba8d0245a46004b"},
    {file = "coverage-7.8.2-py3-none-any.whl", hash = "sha256:726f32ee3713f7359696331a18daf0c3b3a70bb0ae71141b9d3c52be7c595e32"},
    {file = "coverage-7.8.2.tar.gz", hash = "sha256:a886d531373a1f6ff9fad2a2ba4a045b68467b779ae729ee0b3b10ac20033b27"},
]

[[package]]
name = "mypy"
version = "1.16.0"
requires_python = ">=3.9"
summary = "Optional static typing for Python"
groups = ["dev"]
dependencies = [
    "mypy-extensions>=1.0.0",
    "pathspec>=0.9.0",
    "tomli>=1.1.0; python_version < \"3.11\"",
    "typing-extensions>=4.6.0",
]
files = [
    {file = "mypy-1.16.0-cp312-cp312-macosx_10_13_x86_64.whl", hash = "sha256:c5436d11e89a3ad16ce8afe752f0f373ae9620841c50883dc96f8b8805620b13"},
    {file = "mypy-1.16.0-cp312-cp312-macosx_11_0_arm64.whl", hash = "sha256:f2622af30bf01d8fc36466231bdd203d120d7a599a6d88fb22bdcb9dbff84090"},
    {file = "mypy-1.16.0-cp312-cp312-manylinux_2_17_aarch64.manylinux2014_aarch64.manylinux_2_28_aarch64.whl", hash = "sha256:d045d33c284e10a038f5e29faca055b90eee87da3fc63b8889085744ebabb5a1"},
    {file = "mypy-1.16.0-cp312-cp312-manylinux_2_17_x86_64.manylinux2014_x86_64.manylinux_2_28_x86_64.whl", hash = "sha256:b4968f14f44c62e2ec4a038c8797a87315be8df7740dc3ee8d3bfe1c6bf5dba8"},
    {file = "mypy-1.16.0-cp312-cp312-musllinux_1_2_x86_64.whl", hash = "sha256:eb14a4a871bb8efb1e4a50360d4e3c8d6c601e7a31028a2c79f9bb659b63d730"},
    {file = "mypy-1.16.0-cp312-cp312-win_amd64.whl", hash = "sha256:bd4e1ebe126152a7bbaa4daedd781c90c8f9643c79b9748caa270ad542f12bec"},
    {file = "mypy-1.16.0-cp313-cp313-macosx_10_13_x86_64.whl", hash = "sha256:a9e056237c89f1587a3be1a3a70a06a698d25e2479b9a2f57325ddaaffc3567b"},
    {file = "mypy-1.16.0-cp313-cp313-macosx_11_0_arm64.whl", hash = "sha256:0b07e107affb9ee6ce1f342c07f51552d126c32cd62955f59a7db94a51ad12c0"},
    {file = "mypy-1.16.0-cp313-cp313-manylinux_2_17_aarch64.manylinux2014_aarch64.manylinux_2_28_aarch64.whl", hash = "sha256:c6fb60cbd85dc65d4d63d37cb5c86f4e3a301ec605f606ae3a9173e5cf34997b"},
    {file = "mypy-1.16.0-cp313-cp313-manylinux_2_17_x86_64.manylinux2014_x86_64.manylinux_2_28_x86_64.whl", hash = "sha256:a7e32297a437cc915599e0578fa6bc68ae6a8dc059c9e009c628e1c47f91495d"},
    {file = "mypy-1.16.0-cp313-cp313-musllinux_1_2_x86_64.whl", hash = "sha256:afe420c9380ccec31e744e8baff0d406c846683681025db3531b32db56962d52"},
    {file = "mypy-1.16.0-cp313-cp313-win_amd64.whl", hash = "sha256:55f9076c6ce55dd3f8cd0c6fff26a008ca8e5131b89d5ba6d86bd3f47e736eeb"},
    {file = "mypy-1.16.0-py3-none-any.whl", hash = "sha256:29e1499864a3888bca5c1542f2d7232c6e586295183320caa95758fc84034031"},
    {file = "mypy-1.16.0.tar.gz", hash = "sha256:84b94283f817e2aa6350a14b4a8fb2a35a53c286f97c9d30f53b63620e7af8ab"},
]

[[package]]
name = "mypy-extensions"
version = "1.0.0"
requires_python = ">=3.5"
summary = "Type system extensions for programs checked with the mypy type checker."
groups = ["dev"]
files = [
    {file = "mypy_extensions-1.0.0-py3-none-any.whl", hash = "sha256:4392f6c0eb8a5668a69e23d168ffa70f0be9ccfd32b5cc2d26a34ae5b844552d"},
    {file = "mypy_extensions-1.0.0.tar.gz", hash = "sha256:75dbf8955dc00442a438fc4d0666508a9a97b6bd41aa2f0ffe9d2f2725af0782"},
]

[[package]]
name = "numpy"
version = "2.2.4"
requires_python = ">=3.10"
summary = "Fundamental package for array computing in Python"
groups = ["default"]
files = [
    {file = "numpy-2.2.4-cp312-cp312-macosx_10_13_x86_64.whl", hash = "sha256:a7b9084668aa0f64e64bd00d27ba5146ef1c3a8835f3bd912e7a9e01326804c4"},
    {file = "numpy-2.2.4-cp312-cp312-macosx_11_0_arm64.whl", hash = "sha256:dbe512c511956b893d2dacd007d955a3f03d555ae05cfa3ff1c1ff6df8851854"},
    {file = "numpy-2.2.4-cp312-cp312-macosx_14_0_arm64.whl", hash = "sha256:bb649f8b207ab07caebba230d851b579a3c8711a851d29efe15008e31bb4de24"},
    {file = "numpy-2.2.4-cp312-cp312-macosx_14_0_x86_64.whl", hash = "sha256:f34dc300df798742b3d06515aa2a0aee20941c13579d7a2f2e10af01ae4901ee"},
    {file = "numpy-2.2.4-cp312-cp312-manylinux_2_17_aarch64.manylinux2014_aarch64.whl", hash = "sha256:c3f7ac96b16955634e223b579a3e5798df59007ca43e8d451a0e6a50f6bfdfba"},
    {file = "numpy-2.2.4-cp312-cp312-manylinux_2_17_x86_64.manylinux2014_x86_64.whl", hash = "sha256:4f92084defa704deadd4e0a5ab1dc52d8ac9e8a8ef617f3fbb853e79b0ea3592"},
    {file = "numpy-2.2.4-cp312-cp312-musllinux_1_2_aarch64.whl", hash = "sha256:7a4e84a6283b36632e2a5b56e121961f6542ab886bc9e12f8f9818b3c266bfbb"},
    {file = "numpy-2.2.4-cp312-cp312-musllinux_1_2_x86_64.whl", hash = "sha256:11c43995255eb4127115956495f43e9343736edb7fcdb0d973defd9de14cd84f"},
    {file = "numpy-2.2.4-cp312-cp312-win32.whl", hash = "sha256:65ef3468b53269eb5fdb3a5c09508c032b793da03251d5f8722b1194f1790c00"},
    {file = "numpy-2.2.4-cp312-cp312-win_amd64.whl", hash = "sha256:2aad3c17ed2ff455b8eaafe06bcdae0062a1db77cb99f4b9cbb5f4ecb13c5146"},
    {file = "numpy-2.2.4-cp313-cp313-macosx_10_13_x86_64.whl", hash = "sha256:1cf4e5c6a278d620dee9ddeb487dc6a860f9b199eadeecc567f777daace1e9e7"},
    {file = "numpy-2.2.4-cp313-cp313-macosx_11_0_arm64.whl", hash = "sha256:1974afec0b479e50438fc3648974268f972e2d908ddb6d7fb634598cdb8260a0"},
    {file = "numpy-2.2.4-cp313-cp313-macosx_14_0_arm64.whl", hash = "sha256:79bd5f0a02aa16808fcbc79a9a376a147cc1045f7dfe44c6e7d53fa8b8a79392"},
    {file = "numpy-2.2.4-cp313-cp313-macosx_14_0_x86_64.whl", hash = "sha256:3387dd7232804b341165cedcb90694565a6015433ee076c6754775e85d86f1fc"},
    {file = "numpy-2.2.4-cp313-cp313-manylinux_2_17_aarch64.manylinux2014_aarch64.whl", hash = "sha256:6f527d8fdb0286fd2fd97a2a96c6be17ba4232da346931d967a0630050dfd298"},
    {file = "numpy-2.2.4-cp313-cp313-manylinux_2_17_x86_64.manylinux2014_x86_64.whl", hash = "sha256:bce43e386c16898b91e162e5baaad90c4b06f9dcbe36282490032cec98dc8ae7"},
    {file = "numpy-2.2.4-cp313-cp313-musllinux_1_2_aarch64.whl", hash = "sha256:31504f970f563d99f71a3512d0c01a645b692b12a63630d6aafa0939e52361e6"},
    {file = "numpy-2.2.4-cp313-cp313-musllinux_1_2_x86_64.whl", hash = "sha256:81413336ef121a6ba746892fad881a83351ee3e1e4011f52e97fba79233611fd"},
    {file = "numpy-2.2.4-cp313-cp313-win32.whl", hash = "sha256:f486038e44caa08dbd97275a9a35a283a8f1d2f0ee60ac260a1790e76660833c"},
    {file = "numpy-2.2.4-cp313-cp313-win_amd64.whl", hash = "sha256:207a2b8441cc8b6a2a78c9ddc64d00d20c303d79fba08c577752f080c4007ee3"},
    {file = "numpy-2.2.4-cp313-cp313t-macosx_10_13_x86_64.whl", hash = "sha256:8120575cb4882318c791f839a4fd66161a6fa46f3f0a5e613071aae35b5dd8f8"},
    {file = "numpy-2.2.4-cp313-cp313t-macosx_11_0_arm64.whl", hash = "sha256:a761ba0fa886a7bb33c6c8f6f20213735cb19642c580a931c625ee377ee8bd39"},
    {file = "numpy-2.2.4-cp313-cp313t-macosx_14_0_arm64.whl", hash = "sha256:ac0280f1ba4a4bfff363a99a6aceed4f8e123f8a9b234c89140f5e894e452ecd"},
    {file = "numpy-2.2.4-cp313-cp313t-macosx_14_0_x86_64.whl", hash = "sha256:879cf3a9a2b53a4672a168c21375166171bc3932b7e21f622201811c43cdd3b0"},
    {file = "numpy-2.2.4-cp313-cp313t-manylinux_2_17_aarch64.manylinux2014_aarch64.whl", hash = "sha256:f05d4198c1bacc9124018109c5fba2f3201dbe7ab6e92ff100494f236209c960"},
    {file = "numpy-2.2.4-cp313-cp313t-manylinux_2_17_x86_64.manylinux2014_x86_64.whl", hash = "sha256:e2f085ce2e813a50dfd0e01fbfc0c12bbe5d2063d99f8b29da30e544fb6483b8"},
    {file = "numpy-2.2.4-cp313-cp313t-musllinux_1_2_aarch64.whl", hash = "sha256:92bda934a791c01d6d9d8e038363c50918ef7c40601552a58ac84c9613a665bc"},
    {file = "numpy-2.2.4-cp313-cp313t-musllinux_1_2_x86_64.whl", hash = "sha256:ee4d528022f4c5ff67332469e10efe06a267e32f4067dc76bb7e2cddf3cd25ff"},
    {file = "numpy-2.2.4-cp313-cp313t-win32.whl", hash = "sha256:05c076d531e9998e7e694c36e8b349969c56eadd2cdcd07242958489d79a7286"},
    {file = "numpy-2.2.4-cp313-cp313t-win_amd64.whl", hash = "sha256:188dcbca89834cc2e14eb2f106c96d6d46f200fe0200310fc29089657379c58d"},
    {file = "numpy-2.2.4.tar.gz", hash = "sha256:9ba03692a45d3eef66559efe1d1096c4b9b75c0986b5dff5530c378fb8331d4f"},
]

[[package]]
name = "packaging"
version = "24.2"
requires_python = ">=3.8"
summary = "Core utilities for Python packages"
groups = ["default"]
files = [
    {file = "packaging-24.2-py3-none-any.whl", hash = "sha256:09abb1bccd265c01f4a3aa3f7a7db064b36514d2cba19a2f694fe6150451a759"},
    {file = "packaging-24.2.tar.gz", hash = "sha256:c228a6dc5e932d346bc5739379109d49e8853dd8223571c7c5b55260edc0b97f"},
]

[[package]]
name = "pathspec"
version = "0.12.1"
requires_python = ">=3.8"
summary = "Utility library for gitignore style pattern matching of file paths."
groups = ["dev"]
files = [
    {file = "pathspec-0.12.1-py3-none-any.whl", hash = "sha256:a0d503e138a4c123b27490a4f7beda6a01c6f288df0e4a8b79c7eb0dc7b4cc08"},
    {file = "pathspec-0.12.1.tar.gz", hash = "sha256:a482d51503a1ab33b1c67a6c3813a26953dbdc71c31dacaef9a838c4e29f5712"},
]

[[package]]
name = "pyproject-fmt"
version = "2.6.0"
requires_python = ">=3.9"
summary = "Format your pyproject.toml file"
groups = ["dev"]
dependencies = [
    "toml-fmt-common==1.0.1",
]
files = [
    {file = "pyproject_fmt-2.6.0-cp39-abi3-macosx_10_12_x86_64.whl", hash = "sha256:27bd6d64a983309a1f70a166daf6936b549aea4212837f9e25e4b708532dd2eb"},
    {file = "pyproject_fmt-2.6.0-cp39-abi3-macosx_11_0_arm64.whl", hash = "sha256:ab34015c68dcca4d4ca8f309fe7b5fef548344d07f3231fa3dcae706e6a021d4"},
    {file = "pyproject_fmt-2.6.0-cp39-abi3-manylinux_2_17_aarch64.manylinux2014_aarch64.whl", hash = "sha256:aa0767d1a3b9c8b7f1aa024219b557e243f9d0bf24c5aa5276892a306882f364"},
    {file = "pyproject_fmt-2.6.0-cp39-abi3-manylinux_2_17_armv7l.manylinux2014_armv7l.whl", hash = "sha256:37a25b891dc2028b879899dde537c208c571251e7b69842fc2023becde0bc198"},
    {file = "pyproject_fmt-2.6.0-cp39-abi3-manylinux_2_17_ppc64le.manylinux2014_ppc64le.whl", hash = "sha256:ae21ae42bf364542a2d2c3b7aa278fe74fefb7f16a25de198a4d11274fe6113d"},
    {file = "pyproject_fmt-2.6.0-cp39-abi3-manylinux_2_17_s390x.manylinux2014_s390x.whl", hash = "sha256:43917582b5c43ef99866731d9adfa412cd19a5a0ef0ce318619f824dfabb1eae"},
    {file = "pyproject_fmt-2.6.0-cp39-abi3-manylinux_2_17_x86_64.manylinux2014_x86_64.whl", hash = "sha256:8919e055255297971c12cf02bce7d12b95fd02151901054df524b2e80bad4948"},
    {file = "pyproject_fmt-2.6.0-cp39-abi3-manylinux_2_5_i686.manylinux1_i686.whl", hash = "sha256:43e5c363fd47eedd1796c044e95e7354c2e77448424031b4816e0b500cbf05cc"},
    {file = "pyproject_fmt-2.6.0-cp39-abi3-musllinux_1_2_i686.whl", hash = "sha256:ec8abed5f0aec8d72c8341242c4c898b4baf3005d42aa0542433e27c81582d65"},
    {file = "pyproject_fmt-2.6.0-cp39-abi3-musllinux_1_2_x86_64.whl", hash = "sha256:9989ea221f760043224152ac32cfccf2a30712d18b5bdb189db0c8cee0fbf5ce"},
    {file = "pyproject_fmt-2.6.0-cp39-abi3-win32.whl", hash = "sha256:0639fed0b4fe849f01949f2c7baf5e377d10b6374cff8da7c6da83ac207986e1"},
    {file = "pyproject_fmt-2.6.0-cp39-abi3-win_amd64.whl", hash = "sha256:3402dd5982d09a9baee7243cef8b2b5154f14b683bc23e207bf75599101526fa"},
    {file = "pyproject_fmt-2.6.0.tar.gz", hash = "sha256:6640830f59f65d26aa953f5ce887d23b9359856a5d0e10d33c756b9676b229df"},
]

[[package]]
name = "pyside6"
version = "6.9.1"
requires_python = "<3.14,>=3.9"
summary = "Python bindings for the Qt cross-platform application and UI framework"
groups = ["default"]
dependencies = [
    "PySide6-Addons==6.9.1",
    "PySide6-Essentials==6.9.1",
    "shiboken6==6.9.1",
]
files = [
    {file = "PySide6-6.9.1-cp39-abi3-macosx_12_0_universal2.whl", hash = "sha256:f843ef39970a2f79757810fffd7b8e93ac42a3de9ea62f2a03648cde57648aed"},
    {file = "PySide6-6.9.1-cp39-abi3-manylinux_2_28_x86_64.whl", hash = "sha256:db44ac08b8f7ac1b421bc1c6a44200d03f08d80dc7b3f68dfdb1684f30f41c17"},
    {file = "PySide6-6.9.1-cp39-abi3-manylinux_2_39_aarch64.whl", hash = "sha256:531a6e67c429b045674d57fe9864b711eb59e4cded753c2640982e368fd468d1"},
    {file = "PySide6-6.9.1-cp39-abi3-win_amd64.whl", hash = "sha256:c82dbb7d32bbdd465e01059174f71bddc97de152ab71bded3f1907c40f9a5f16"},
    {file = "PySide6-6.9.1-cp39-abi3-win_arm64.whl", hash = "sha256:1525d63dc6dc425b8c2dc5bc01a8cb1d67530401449f3a3490c09a14c095b9f9"},
]

[[package]]
name = "pyside6-addons"
version = "6.9.1"
requires_python = "<3.14,>=3.9"
summary = "Python bindings for the Qt cross-platform application and UI framework (Addons)"
groups = ["default"]
dependencies = [
    "PySide6-Essentials==6.9.1",
    "shiboken6==6.9.1",
]
files = [
    {file = "PySide6_Addons-6.9.1-cp39-abi3-macosx_12_0_universal2.whl", hash = "sha256:7be0708fa89715c282541fca47e2ba97c0c8d2886e0236ef994b2dd8f52aacdd"},
    {file = "PySide6_Addons-6.9.1-cp39-abi3-manylinux_2_28_x86_64.whl", hash = "sha256:da7869b02e3599d26546fad582db4656060786bc5ec8ece5ec9ee8aa8b42371c"},
    {file = "PySide6_Addons-6.9.1-cp39-abi3-manylinux_2_39_aarch64.whl", hash = "sha256:53fd08c8152b6ba8c435458afd189835ba905793a5077a2bb0b1b11222b375d4"},
    {file = "PySide6_Addons-6.9.1-cp39-abi3-win_amd64.whl", hash = "sha256:cd93a3a5e3886cd958f3a5acc7c061c24f10a394ce9f4ce657ac394544ca7ec2"},
    {file = "PySide6_Addons-6.9.1-cp39-abi3-win_arm64.whl", hash = "sha256:4f589631bdceb518080ae9c9fa288e64f092cd5bebe25adc8ad89e8eadd4db29"},
]

[[package]]
name = "pyside6-essentials"
version = "6.9.1"
requires_python = "<3.14,>=3.9"
summary = "Python bindings for the Qt cross-platform application and UI framework (Essentials)"
groups = ["default"]
dependencies = [
    "shiboken6==6.9.1",
]
files = [
    {file = "PySide6_Essentials-6.9.1-cp39-abi3-macosx_12_0_universal2.whl", hash = "sha256:ed43435a70e018e1c22efcaf34a9430b83cfcad716dba661b03de21c13322fab"},
    {file = "PySide6_Essentials-6.9.1-cp39-abi3-manylinux_2_28_x86_64.whl", hash = "sha256:e5da48883f006c6206ef85874db74ddebcdf69b0281bd4f1642b1c5ac1d54aea"},
    {file = "PySide6_Essentials-6.9.1-cp39-abi3-manylinux_2_39_aarch64.whl", hash = "sha256:e46a2801c9c6098025515fd0af6c594b9e9c951842f68b8f6f3da9858b9b26c2"},
    {file = "PySide6_Essentials-6.9.1-cp39-abi3-win_amd64.whl", hash = "sha256:ad1ac94011492dba33051bc33db1c76a7d6f815a81c01422cb6220273b369145"},
    {file = "PySide6_Essentials-6.9.1-cp39-abi3-win_arm64.whl", hash = "sha256:35c2c2bb4a88db74d11e638cf917524ff35785883f10b439ead07960a5733aa4"},
]

[[package]]
name = "pythonqwt"
version = "0.14.5"
requires_python = "<4,>=3.9"
summary = "Qt plotting widgets for Python"
groups = ["default"]
dependencies = [
    "NumPy>=1.19",
    "QtPy>=1.9",
]
files = [
    {file = "pythonqwt-0.14.5-py3-none-any.whl", hash = "sha256:be5a9d2e1ba22aaa02eb397c5b3b5e4e1d9ed2c08f45554d8b920d8fc3be6dc7"},
    {file = "pythonqwt-0.14.5.tar.gz", hash = "sha256:7f40b9dfd65308f6ff9d2fe6e916173c0d0470c67b48742ab862869ffaa52692"},
]

[[package]]
name = "qtpy"
version = "2.4.3"
requires_python = ">=3.7"
summary = "Provides an abstraction layer on top of the various Qt bindings (PyQt5/6 and PySide2/6)."
groups = ["default"]
dependencies = [
    "packaging",
]
files = [
    {file = "QtPy-2.4.3-py3-none-any.whl", hash = "sha256:72095afe13673e017946cc258b8d5da43314197b741ed2890e563cf384b51aa1"},
    {file = "qtpy-2.4.3.tar.gz", hash = "sha256:db744f7832e6d3da90568ba6ccbca3ee2b3b4a890c3d6fbbc63142f6e4cdf5bb"},
]

[[package]]
name = "ruff"
version = "0.11.13"
requires_python = ">=3.7"
summary = "An extremely fast Python linter and code formatter, written in Rust."
groups = ["dev"]
files = [
    {file = "ruff-0.11.13-py3-none-linux_armv6l.whl", hash = "sha256:4bdfbf1240533f40042ec00c9e09a3aade6f8c10b6414cf11b519488d2635d46"},
    {file = "ruff-0.11.13-py3-none-macosx_10_12_x86_64.whl", hash = "sha256:aef9c9ed1b5ca28bb15c7eac83b8670cf3b20b478195bd49c8d756ba0a36cf48"},
    {file = "ruff-0.11.13-py3-none-macosx_11_0_arm64.whl", hash = "sha256:53b15a9dfdce029c842e9a5aebc3855e9ab7771395979ff85b7c1dedb53ddc2b"},
    {file = "ruff-0.11.13-py3-none-manylinux_2_17_aarch64.manylinux2014_aarch64.whl", hash = "sha256:ab153241400789138d13f362c43f7edecc0edfffce2afa6a68434000ecd8f69a"},
    {file = "ruff-0.11.13-py3-none-manylinux_2_17_armv7l.manylinux2014_armv7l.whl", hash = "sha256:6c51f93029d54a910d3d24f7dd0bb909e31b6cd989a5e4ac513f4eb41629f0dc"},
    {file = "ruff-0.11.13-py3-none-manylinux_2_17_i686.manylinux2014_i686.whl", hash = "sha256:1808b3ed53e1a777c2ef733aca9051dc9bf7c99b26ece15cb59a0320fbdbd629"},
    {file = "ruff-0.11.13-py3-none-manylinux_2_17_ppc64.manylinux2014_ppc64.whl", hash = "sha256:d28ce58b5ecf0f43c1b71edffabe6ed7f245d5336b17805803312ec9bc665933"},
    {file = "ruff-0.11.13-py3-none-manylinux_2_17_ppc64le.manylinux2014_ppc64le.whl", hash = "sha256:55e4bc3a77842da33c16d55b32c6cac1ec5fb0fbec9c8c513bdce76c4f922165"},
    {file = "ruff-0.11.13-py3-none-manylinux_2_17_s390x.manylinux2014_s390x.whl", hash = "sha256:633bf2c6f35678c56ec73189ba6fa19ff1c5e4807a78bf60ef487b9dd272cc71"},
    {file = "ruff-0.11.13-py3-none-manylinux_2_17_x86_64.manylinux2014_x86_64.whl", hash = "sha256:4ffbc82d70424b275b089166310448051afdc6e914fdab90e08df66c43bb5ca9"},
    {file = "ruff-0.11.13-py3-none-musllinux_1_2_aarch64.whl", hash = "sha256:4a9ddd3ec62a9a89578c85842b836e4ac832d4a2e0bfaad3b02243f930ceafcc"},
    {file = "ruff-0.11.13-py3-none-musllinux_1_2_armv7l.whl", hash = "sha256:d237a496e0778d719efb05058c64d28b757c77824e04ffe8796c7436e26712b7"},
    {file = "ruff-0.11.13-py3-none-musllinux_1_2_i686.whl", hash = "sha256:26816a218ca6ef02142343fd24c70f7cd8c5aa6c203bca284407adf675984432"},
    {file = "ruff-0.11.13-py3-none-musllinux_1_2_x86_64.whl", hash = "sha256:51c3f95abd9331dc5b87c47ac7f376db5616041173826dfd556cfe3d4977f492"},
    {file = "ruff-0.11.13-py3-none-win32.whl", hash = "sha256:96c27935418e4e8e77a26bb05962817f28b8ef3843a6c6cc49d8783b5507f250"},
    {file = "ruff-0.11.13-py3-none-win_amd64.whl", hash = "sha256:29c3189895a8a6a657b7af4e97d330c8a3afd2c9c8f46c81e2fc5a31866517e3"},
    {file = "ruff-0.11.13-py3-none-win_arm64.whl", hash = "sha256:b4385285e9179d608ff1d2fb9922062663c658605819a6876d8beef0c30b7f3b"},
    {file = "ruff-0.11.13.tar.gz", hash = "sha256:26fa247dc68d1d4e72c179e08889a25ac0c7ba4d78aecfc835d49cbfd60bf514"},
]

[[package]]
name = "setuptools"
version = "80.9.0"
requires_python = ">=3.9"
summary = "Easily download, build, install, upgrade, and uninstall Python packages"
groups = ["dev"]
files = [
    {file = "setuptools-80.9.0-py3-none-any.whl", hash = "sha256:062d34222ad13e0cc312a4c02d73f059e86a4acbfbdea8f8f76b28c99f306922"},
    {file = "setuptools-80.9.0.tar.gz", hash = "sha256:f36b47402ecde768dbfafc46e8e4207b4360c654f1f3bb84475f0a28628fb19c"},
]

[[package]]
name = "shiboken6"
version = "6.9.1"
requires_python = "<3.14,>=3.9"
summary = "Python/C++ bindings helper module"
groups = ["default"]
files = [
    {file = "shiboken6-6.9.1-cp39-abi3-macosx_12_0_universal2.whl", hash = "sha256:40e92afc88da06b5100c56b761e59837ff282166e9531268f3d910b6128e621e"},
    {file = "shiboken6-6.9.1-cp39-abi3-manylinux_2_28_x86_64.whl", hash = "sha256:efcdfa8655d34aaf8d7a0c7724def3440bd46db02f5ad3b1785db5f6ccb0a8ff"},
    {file = "shiboken6-6.9.1-cp39-abi3-manylinux_2_39_aarch64.whl", hash = "sha256:efcf75d48a29ae072d0bf54b3cd5a59ae91bb6b3ab7459e17c769355486c2e0b"},
    {file = "shiboken6-6.9.1-cp39-abi3-win_amd64.whl", hash = "sha256:209ccf02c135bd70321143dcbc5023ae0c056aa4850a845955dd2f9b2ff280a9"},
    {file = "shiboken6-6.9.1-cp39-abi3-win_arm64.whl", hash = "sha256:2a39997ce275ced7853defc89d3a1f19a11c90991ac6eef3435a69bb0b7ff1de"},
]

[[package]]
name = "toml-fmt-common"
version = "1.0.1"
requires_python = ">=3.9"
summary = "Common logic to the TOML formatter."
groups = ["dev"]
dependencies = [
    "tomli>=2.0.2; python_version < \"3.11\"",
]
files = [
    {file = "toml_fmt_common-1.0.1-py3-none-any.whl", hash = "sha256:7a6542e36a7167fa94b8b997d3f8debadbb4ab757c7d78a77304579bd7a0cc7d"},
    {file = "toml_fmt_common-1.0.1.tar.gz", hash = "sha256:7a29e99e527ffac456043296a0f1d8c03aaa1b06167bd39ad5e3cc5041f31c17"},
]

[[package]]
name = "typing-extensions"
version = "4.12.2"
requires_python = ">=3.8"
summary = "Backported and Experimental Type Hints for Python 3.8+"
groups = ["dev"]
files = [
    {file = "typing_extensions-4.12.2-py3-none-any.whl", hash = "sha256:04e5ca0351e0f3f85c6853954072df659d0d13fac324d0072316b67d7794700d"},
    {file = "typing_extensions-4.12.2.tar.gz", hash = "sha256:1a7ead55c7e559dd4dee8856e3a88b41225abfe1ce8df57b7c13915fe121ffb8"},
]
